
Microsoft Visual Studio Solution File, Format Version 12.00
# Visual Studio Version 17
VisualStudioVersion = 17.2.32630.192
MinimumVisualStudioVersion = 10.0.40219.1
Project("{FAE04EC0-301F-11D3-BF4B-00C04F79EFBC}") = "BlackJack_v2", "BlackJack_v2\BlackJack_v2.csproj", "{16E6591B-79FC-4124-A7AD-89E0DA22B5A2}"
EndProject
Global
	GlobalSection(SolutionConfigurationPlatforms) = preSolution
		Debug|Any CPU = Debug|Any CPU
		Release|Any CPU = Release|Any CPU
	EndGlobalSection
	GlobalSection(ProjectConfigurationPlatforms) = postSolution
		{16E6591B-79FC-4124-A7AD-89E0DA22B5A2}.Debug|Any CPU.ActiveCfg = Debug|Any CPU
		{16E6591B-79FC-4124-A7AD-89E0DA22B5A2}.Debug|Any CPU.Build.0 = Debug|Any CPU
		{16E6591B-79FC-4124-A7AD-89E0DA22B5A2}.Release|Any CPU.ActiveCfg = Release|Any CPU
		{16E6591B-79FC-4124-A7AD-89E0DA22B5A2}.Release|Any CPU.Build.0 = Release|Any CPU
	EndGlobalSection
	GlobalSection(SolutionProperties) = preSolution
		HideSolutionNode = FALSE
	EndGlobalSection
	GlobalSection(ExtensibilityGlobals) = postSolution
		SolutionGuid = {3EA7835A-4AA3-4472-A302-391EF1EFCE39}
	EndGlobalSection
EndGlobal
